
Microsoft Visual Studio Solution File, Format Version 12.00
# Visual Studio Version 16
VisualStudioVersion = 16.0.30907.101
MinimumVisualStudioVersion = 10.0.40219.1
Project("{FAE04EC0-301F-11D3-BF4B-00C04F79EFBC}") = "Nuget_Instalación", "Nuget_Instalación\Nuget_Instalación.csproj", "{2E88A563-FB22-491E-8659-678AB11521ED}"
EndProject
Global
	GlobalSection(SolutionConfigurationPlatforms) = preSolution
		Debug|Any CPU = Debug|Any CPU
		Release|Any CPU = Release|Any CPU
	EndGlobalSection
	GlobalSection(ProjectConfigurationPlatforms) = postSolution
		{2E88A563-FB22-491E-8659-678AB11521ED}.Debug|Any CPU.ActiveCfg = Debug|Any CPU
		{2E88A563-FB22-491E-8659-678AB11521ED}.Debug|Any CPU.Build.0 = Debug|Any CPU
		{2E88A563-FB22-491E-8659-678AB11521ED}.Release|Any CPU.ActiveCfg = Release|Any CPU
		{2E88A563-FB22-491E-8659-678AB11521ED}.Release|Any CPU.Build.0 = Release|Any CPU
	EndGlobalSection
	GlobalSection(SolutionProperties) = preSolution
		HideSolutionNode = FALSE
	EndGlobalSection
	GlobalSection(ExtensibilityGlobals) = postSolution
		SolutionGuid = {CCCCDC5A-A6BC-4DEA-A0B3-22D189F510CC}
	EndGlobalSection
EndGlobal
